
Microsoft Visual Studio Solution File, Format Version 12.00
# Visual Studio Version 17
VisualStudioVersion = 17.10.34607.79
MinimumVisualStudioVersion = 10.0.40219.1
Project("{FAE04EC0-301F-11D3-BF4B-00C04F79EFBC}") = "ExcelReader.NathanJenner", "ExcelReader.NathanJenner.csproj", "{1D597F96-F5CD-4B22-8C69-F3694049F852}"
EndProject
Global
	GlobalSection(SolutionConfigurationPlatforms) = preSolution
		Debug|Any CPU = Debug|Any CPU
		Release|Any CPU = Release|Any CPU
	EndGlobalSection
	GlobalSection(ProjectConfigurationPlatforms) = postSolution
		{1D597F96-F5CD-4B22-8C69-F3694049F852}.Debug|Any CPU.ActiveCfg = Debug|Any CPU
		{1D597F96-F5CD-4B22-8C69-F3694049F852}.Debug|Any CPU.Build.0 = Debug|Any CPU
		{1D597F96-F5CD-4B22-8C69-F3694049F852}.Release|Any CPU.ActiveCfg = Release|Any CPU
		{1D597F96-F5CD-4B22-8C69-F3694049F852}.Release|Any CPU.Build.0 = Release|Any CPU
	EndGlobalSection
	GlobalSection(SolutionProperties) = preSolution
		HideSolutionNode = FALSE
	EndGlobalSection
	GlobalSection(ExtensibilityGlobals) = postSolution
		SolutionGuid = {E6D924BD-E6D5-467E-B275-4E39B045DB54}
	EndGlobalSection
EndGlobal
